
Microsoft Visual Studio Solution File, Format Version 12.00
# Visual Studio Version 16
VisualStudioVersion = 16.0.29920.165
MinimumVisualStudioVersion = 10.0.40219.1
Project("{8BC9CEB8-8B4A-11D0-8D11-00A0C91BC942}") = "KruskalUnionFind", "KruskalUnionFind\KruskalUnionFind.vcxproj", "{A46406D6-604F-4E55-B467-BDD50A84A592}"
EndProject
Project("{2150E333-8FDC-42A3-9474-1A3956D46DE8}") = "Shared", "Shared", "{365F6B21-5EAD-46D0-A4DF-E2511054388A}"
	ProjectSection(SolutionItems) = preProject
		Shared\adjacency_map_graph_factory.h = Shared\adjacency_map_graph_factory.h
		Shared\AdjacencyMapGraph.h = Shared\AdjacencyMapGraph.h
		Shared\BinaryHeap.h = Shared\BinaryHeap.h
		Shared\DFSCycleDetection.h = Shared\DFSCycleDetection.h
		Shared\DisjointSet.h = Shared\DisjointSet.h
		Shared\DisjointSetBase.h = Shared\DisjointSetBase.h
		Shared\DisjointSetCompressed.h = Shared\DisjointSetCompressed.h
		Shared\Heap.h = Shared\Heap.h
		Shared\KHeap.h = Shared\KHeap.h
		PriorityQueue.h = PriorityQueue.h
		Shared\sum_weights.h = Shared\sum_weights.h
	EndProjectSection
EndProject
Project("{8BC9CEB8-8B4A-11D0-8D11-00A0C91BC942}") = "KruskalUnionFindCompressed", "KruskalUnionFindCompressed\KruskalUnionFindCompressed.vcxproj", "{C39E1457-08BB-455C-9818-0E9720680132}"
EndProject
Project("{8BC9CEB8-8B4A-11D0-8D11-00A0C91BC942}") = "PrimKHeap", "PrimKHeap\PrimKHeap.vcxproj", "{2CE28367-21AD-4B0B-BDD1-1C6E80EB3A5F}"
EndProject
Project("{8BC9CEB8-8B4A-11D0-8D11-00A0C91BC942}") = "PrimBinaryHeap", "PrimBinaryHeap\PrimBinaryHeap.vcxproj", "{52F6D1CD-B812-4A2D-BBE3-7BBF09D03D13}"
EndProject
Project("{8BC9CEB8-8B4A-11D0-8D11-00A0C91BC942}") = "KruskalSimple", "KruskalSimple\KruskalSimple.vcxproj", "{61E742AA-4B3A-4F9F-BD8B-A5E4468EF7FD}"
EndProject
Global
	GlobalSection(SolutionConfigurationPlatforms) = preSolution
		Debug|x64 = Debug|x64
		Debug|x86 = Debug|x86
		Release|x64 = Release|x64
		Release|x86 = Release|x86
	EndGlobalSection
	GlobalSection(ProjectConfigurationPlatforms) = postSolution
		{A46406D6-604F-4E55-B467-BDD50A84A592}.Debug|x64.ActiveCfg = Debug|x64
		{A46406D6-604F-4E55-B467-BDD50A84A592}.Debug|x64.Build.0 = Debug|x64
		{A46406D6-604F-4E55-B467-BDD50A84A592}.Debug|x86.ActiveCfg = Debug|Win32
		{A46406D6-604F-4E55-B467-BDD50A84A592}.Debug|x86.Build.0 = Debug|Win32
		{A46406D6-604F-4E55-B467-BDD50A84A592}.Release|x64.ActiveCfg = Release|x64
		{A46406D6-604F-4E55-B467-BDD50A84A592}.Release|x64.Build.0 = Release|x64
		{A46406D6-604F-4E55-B467-BDD50A84A592}.Release|x86.ActiveCfg = Release|Win32
		{A46406D6-604F-4E55-B467-BDD50A84A592}.Release|x86.Build.0 = Release|Win32
		{C39E1457-08BB-455C-9818-0E9720680132}.Debug|x64.ActiveCfg = Debug|x64
		{C39E1457-08BB-455C-9818-0E9720680132}.Debug|x64.Build.0 = Debug|x64
		{C39E1457-08BB-455C-9818-0E9720680132}.Debug|x86.ActiveCfg = Debug|Win32
		{C39E1457-08BB-455C-9818-0E9720680132}.Debug|x86.Build.0 = Debug|Win32
		{C39E1457-08BB-455C-9818-0E9720680132}.Release|x64.ActiveCfg = Release|x64
		{C39E1457-08BB-455C-9818-0E9720680132}.Release|x64.Build.0 = Release|x64
		{C39E1457-08BB-455C-9818-0E9720680132}.Release|x86.ActiveCfg = Release|Win32
		{C39E1457-08BB-455C-9818-0E9720680132}.Release|x86.Build.0 = Release|Win32
		{2CE28367-21AD-4B0B-BDD1-1C6E80EB3A5F}.Debug|x64.ActiveCfg = Debug|x64
		{2CE28367-21AD-4B0B-BDD1-1C6E80EB3A5F}.Debug|x64.Build.0 = Debug|x64
		{2CE28367-21AD-4B0B-BDD1-1C6E80EB3A5F}.Debug|x86.ActiveCfg = Debug|Win32
		{2CE28367-21AD-4B0B-BDD1-1C6E80EB3A5F}.Debug|x86.Build.0 = Debug|Win32
		{2CE28367-21AD-4B0B-BDD1-1C6E80EB3A5F}.Release|x64.ActiveCfg = Release|x64
		{2CE28367-21AD-4B0B-BDD1-1C6E80EB3A5F}.Release|x64.Build.0 = Release|x64
		{2CE28367-21AD-4B0B-BDD1-1C6E80EB3A5F}.Release|x86.ActiveCfg = Release|Win32
		{2CE28367-21AD-4B0B-BDD1-1C6E80EB3A5F}.Release|x86.Build.0 = Release|Win32
		{52F6D1CD-B812-4A2D-BBE3-7BBF09D03D13}.Debug|x64.ActiveCfg = Debug|x64
		{52F6D1CD-B812-4A2D-BBE3-7BBF09D03D13}.Debug|x64.Build.0 = Debug|x64
		{52F6D1CD-B812-4A2D-BBE3-7BBF09D03D13}.Debug|x86.ActiveCfg = Debug|Win32
		{52F6D1CD-B812-4A2D-BBE3-7BBF09D03D13}.Debug|x86.Build.0 = Debug|Win32
		{52F6D1CD-B812-4A2D-BBE3-7BBF09D03D13}.Release|x64.ActiveCfg = Release|x64
		{52F6D1CD-B812-4A2D-BBE3-7BBF09D03D13}.Release|x64.Build.0 = Release|x64
		{52F6D1CD-B812-4A2D-BBE3-7BBF09D03D13}.Release|x86.ActiveCfg = Release|Win32
		{52F6D1CD-B812-4A2D-BBE3-7BBF09D03D13}.Release|x86.Build.0 = Release|Win32
		{61E742AA-4B3A-4F9F-BD8B-A5E4468EF7FD}.Debug|x64.ActiveCfg = Debug|x64
		{61E742AA-4B3A-4F9F-BD8B-A5E4468EF7FD}.Debug|x64.Build.0 = Debug|x64
		{61E742AA-4B3A-4F9F-BD8B-A5E4468EF7FD}.Debug|x86.ActiveCfg = Debug|Win32
		{61E742AA-4B3A-4F9F-BD8B-A5E4468EF7FD}.Debug|x86.Build.0 = Debug|Win32
		{61E742AA-4B3A-4F9F-BD8B-A5E4468EF7FD}.Release|x64.ActiveCfg = Release|x64
		{61E742AA-4B3A-4F9F-BD8B-A5E4468EF7FD}.Release|x64.Build.0 = Release|x64
		{61E742AA-4B3A-4F9F-BD8B-A5E4468EF7FD}.Release|x86.ActiveCfg = Release|Win32
		{61E742AA-4B3A-4F9F-BD8B-A5E4468EF7FD}.Release|x86.Build.0 = Release|Win32
	EndGlobalSection
	GlobalSection(SolutionProperties) = preSolution
		HideSolutionNode = FALSE
	EndGlobalSection
	GlobalSection(ExtensibilityGlobals) = postSolution
		SolutionGuid = {9DE3BDF1-3A10-4243-B12A-3B11ADDEF639}
	EndGlobalSection
EndGlobal
